
Microsoft Visual Studio Solution File, Format Version 12.00
# Visual Studio Version 17
VisualStudioVersion = 17.2.32630.192
MinimumVisualStudioVersion = 10.0.40219.1
Project("{FAE04EC0-301F-11D3-BF4B-00C04F79EFBC}") = "Titty", "Titty\Titty.csproj", "{B70096BF-696D-4F20-98B3-E4BE12704E80}"
EndProject
Global
	GlobalSection(SolutionConfigurationPlatforms) = preSolution
		Debug|Any CPU = Debug|Any CPU
		Release|Any CPU = Release|Any CPU
	EndGlobalSection
	GlobalSection(ProjectConfigurationPlatforms) = postSolution
		{B70096BF-696D-4F20-98B3-E4BE12704E80}.Debug|Any CPU.ActiveCfg = Debug|Any CPU
		{B70096BF-696D-4F20-98B3-E4BE12704E80}.Debug|Any CPU.Build.0 = Debug|Any CPU
		{B70096BF-696D-4F20-98B3-E4BE12704E80}.Release|Any CPU.ActiveCfg = Release|Any CPU
		{B70096BF-696D-4F20-98B3-E4BE12704E80}.Release|Any CPU.Build.0 = Release|Any CPU
	EndGlobalSection
	GlobalSection(SolutionProperties) = preSolution
		HideSolutionNode = FALSE
	EndGlobalSection
	GlobalSection(ExtensibilityGlobals) = postSolution
		SolutionGuid = {0FBD26BB-5A23-44D3-965F-930DEE4F10F0}
	EndGlobalSection
EndGlobal
