
Microsoft Visual Studio Solution File, Format Version 12.00
# Visual Studio Version 17
VisualStudioVersion = 17.3.32819.101
MinimumVisualStudioVersion = 10.0.40219.1
Project("{FAE04EC0-301F-11D3-BF4B-00C04F79EFBC}") = "Entity(CodeFirst)", "Entity(CodeFirst)\Entity(CodeFirst).csproj", "{D3009F5D-8698-40F4-8FB4-999F3A9C0A29}"
EndProject
Global
	GlobalSection(SolutionConfigurationPlatforms) = preSolution
		Debug|Any CPU = Debug|Any CPU
		Release|Any CPU = Release|Any CPU
	EndGlobalSection
	GlobalSection(ProjectConfigurationPlatforms) = postSolution
		{D3009F5D-8698-40F4-8FB4-999F3A9C0A29}.Debug|Any CPU.ActiveCfg = Debug|Any CPU
		{D3009F5D-8698-40F4-8FB4-999F3A9C0A29}.Debug|Any CPU.Build.0 = Debug|Any CPU
		{D3009F5D-8698-40F4-8FB4-999F3A9C0A29}.Release|Any CPU.ActiveCfg = Release|Any CPU
		{D3009F5D-8698-40F4-8FB4-999F3A9C0A29}.Release|Any CPU.Build.0 = Release|Any CPU
	EndGlobalSection
	GlobalSection(SolutionProperties) = preSolution
		HideSolutionNode = FALSE
	EndGlobalSection
	GlobalSection(ExtensibilityGlobals) = postSolution
		SolutionGuid = {365BA894-F75B-440A-9EF2-7A9C6E5D54B4}
	EndGlobalSection
EndGlobal
