
Microsoft Visual Studio Solution File, Format Version 12.00
# Visual Studio Version 17
VisualStudioVersion = 17.2.32616.157
MinimumVisualStudioVersion = 10.0.40219.1
Project("{FAE04EC0-301F-11D3-BF4B-00C04F79EFBC}") = "Int değişkenler Pratik Örnek", "Int değişkenler Pratik Örnek.csproj", "{FD4100E5-6CB6-46C2-9F56-17D8DD61835C}"
EndProject
Global
	GlobalSection(SolutionConfigurationPlatforms) = preSolution
		Debug|Any CPU = Debug|Any CPU
		Release|Any CPU = Release|Any CPU
	EndGlobalSection
	GlobalSection(ProjectConfigurationPlatforms) = postSolution
		{FD4100E5-6CB6-46C2-9F56-17D8DD61835C}.Debug|Any CPU.ActiveCfg = Debug|Any CPU
		{FD4100E5-6CB6-46C2-9F56-17D8DD61835C}.Debug|Any CPU.Build.0 = Debug|Any CPU
		{FD4100E5-6CB6-46C2-9F56-17D8DD61835C}.Release|Any CPU.ActiveCfg = Release|Any CPU
		{FD4100E5-6CB6-46C2-9F56-17D8DD61835C}.Release|Any CPU.Build.0 = Release|Any CPU
	EndGlobalSection
	GlobalSection(SolutionProperties) = preSolution
		HideSolutionNode = FALSE
	EndGlobalSection
	GlobalSection(ExtensibilityGlobals) = postSolution
		SolutionGuid = {1D436E76-D53D-43D9-A118-50F9DB7E64A2}
	EndGlobalSection
EndGlobal
