
Microsoft Visual Studio Solution File, Format Version 12.00
# Visual Studio Version 17
VisualStudioVersion = 17.2.32616.157
MinimumVisualStudioVersion = 10.0.40219.1
Project("{FAE04EC0-301F-11D3-BF4B-00C04F79EFBC}") = "integer4", "integer4.csproj", "{DB6E4C97-B0BB-4D88-84AB-4A23048DC0DD}"
EndProject
Global
	GlobalSection(SolutionConfigurationPlatforms) = preSolution
		Debug|Any CPU = Debug|Any CPU
		Release|Any CPU = Release|Any CPU
	EndGlobalSection
	GlobalSection(ProjectConfigurationPlatforms) = postSolution
		{DB6E4C97-B0BB-4D88-84AB-4A23048DC0DD}.Debug|Any CPU.ActiveCfg = Debug|Any CPU
		{DB6E4C97-B0BB-4D88-84AB-4A23048DC0DD}.Debug|Any CPU.Build.0 = Debug|Any CPU
		{DB6E4C97-B0BB-4D88-84AB-4A23048DC0DD}.Release|Any CPU.ActiveCfg = Release|Any CPU
		{DB6E4C97-B0BB-4D88-84AB-4A23048DC0DD}.Release|Any CPU.Build.0 = Release|Any CPU
	EndGlobalSection
	GlobalSection(SolutionProperties) = preSolution
		HideSolutionNode = FALSE
	EndGlobalSection
	GlobalSection(ExtensibilityGlobals) = postSolution
		SolutionGuid = {0B6947A6-D503-46C9-9F5E-D54F824BBF42}
	EndGlobalSection
EndGlobal
