
Microsoft Visual Studio Solution File, Format Version 12.00
# Visual Studio Version 17
VisualStudioVersion = 17.3.32819.101
MinimumVisualStudioVersion = 10.0.40219.1
Project("{FAE04EC0-301F-11D3-BF4B-00C04F79EFBC}") = "codewars3", "codewars3\codewars3.csproj", "{5929C79A-A499-443B-91B6-E6715029F5CB}"
EndProject
Global
	GlobalSection(SolutionConfigurationPlatforms) = preSolution
		Debug|Any CPU = Debug|Any CPU
		Release|Any CPU = Release|Any CPU
	EndGlobalSection
	GlobalSection(ProjectConfigurationPlatforms) = postSolution
		{5929C79A-A499-443B-91B6-E6715029F5CB}.Debug|Any CPU.ActiveCfg = Debug|Any CPU
		{5929C79A-A499-443B-91B6-E6715029F5CB}.Debug|Any CPU.Build.0 = Debug|Any CPU
		{5929C79A-A499-443B-91B6-E6715029F5CB}.Release|Any CPU.ActiveCfg = Release|Any CPU
		{5929C79A-A499-443B-91B6-E6715029F5CB}.Release|Any CPU.Build.0 = Release|Any CPU
	EndGlobalSection
	GlobalSection(SolutionProperties) = preSolution
		HideSolutionNode = FALSE
	EndGlobalSection
	GlobalSection(ExtensibilityGlobals) = postSolution
		SolutionGuid = {0494FFEF-87E4-4148-9736-FB00A3AE5279}
	EndGlobalSection
EndGlobal
