
Microsoft Visual Studio Solution File, Format Version 12.00
# Visual Studio Version 17
VisualStudioVersion = 17.2.32616.157
MinimumVisualStudioVersion = 10.0.40219.1
Project("{FAE04EC0-301F-11D3-BF4B-00C04F79EFBC}") = "DEĞİŞKENLER CHAR", "DEĞİŞKENLER CHAR.csproj", "{67AE3422-4AF9-4647-88E8-E839A15F00EB}"
EndProject
Global
	GlobalSection(SolutionConfigurationPlatforms) = preSolution
		Debug|Any CPU = Debug|Any CPU
		Release|Any CPU = Release|Any CPU
	EndGlobalSection
	GlobalSection(ProjectConfigurationPlatforms) = postSolution
		{67AE3422-4AF9-4647-88E8-E839A15F00EB}.Debug|Any CPU.ActiveCfg = Debug|Any CPU
		{67AE3422-4AF9-4647-88E8-E839A15F00EB}.Debug|Any CPU.Build.0 = Debug|Any CPU
		{67AE3422-4AF9-4647-88E8-E839A15F00EB}.Release|Any CPU.ActiveCfg = Release|Any CPU
		{67AE3422-4AF9-4647-88E8-E839A15F00EB}.Release|Any CPU.Build.0 = Release|Any CPU
	EndGlobalSection
	GlobalSection(SolutionProperties) = preSolution
		HideSolutionNode = FALSE
	EndGlobalSection
	GlobalSection(ExtensibilityGlobals) = postSolution
		SolutionGuid = {A07063DB-C206-4FC9-9BE5-1652FF138FB5}
	EndGlobalSection
EndGlobal
