
Microsoft Visual Studio Solution File, Format Version 12.00
# Visual Studio Version 17
VisualStudioVersion = 17.2.32616.157
MinimumVisualStudioVersion = 10.0.40219.1
Project("{FAE04EC0-301F-11D3-BF4B-00C04F79EFBC}") = "variable", "variable.csproj", "{808ECEE9-0845-44BF-BDB5-A2FA3EBBDDFD}"
EndProject
Global
	GlobalSection(SolutionConfigurationPlatforms) = preSolution
		Debug|Any CPU = Debug|Any CPU
		Release|Any CPU = Release|Any CPU
	EndGlobalSection
	GlobalSection(ProjectConfigurationPlatforms) = postSolution
		{808ECEE9-0845-44BF-BDB5-A2FA3EBBDDFD}.Debug|Any CPU.ActiveCfg = Debug|Any CPU
		{808ECEE9-0845-44BF-BDB5-A2FA3EBBDDFD}.Debug|Any CPU.Build.0 = Debug|Any CPU
		{808ECEE9-0845-44BF-BDB5-A2FA3EBBDDFD}.Release|Any CPU.ActiveCfg = Release|Any CPU
		{808ECEE9-0845-44BF-BDB5-A2FA3EBBDDFD}.Release|Any CPU.Build.0 = Release|Any CPU
	EndGlobalSection
	GlobalSection(SolutionProperties) = preSolution
		HideSolutionNode = FALSE
	EndGlobalSection
	GlobalSection(ExtensibilityGlobals) = postSolution
		SolutionGuid = {5CABE1DD-3CA9-4560-A329-B9973E8C68A6}
	EndGlobalSection
EndGlobal
