
Microsoft Visual Studio Solution File, Format Version 12.00
# Visual Studio Version 17
VisualStudioVersion = 17.2.32630.192
MinimumVisualStudioVersion = 10.0.40219.1
Project("{FAE04EC0-301F-11D3-BF4B-00C04F79EFBC}") = "zxc", "zxc\zxc.csproj", "{8DEF29A2-57D7-450B-B7E6-E07BD545F134}"
EndProject
Global
	GlobalSection(SolutionConfigurationPlatforms) = preSolution
		Debug|Any CPU = Debug|Any CPU
		Release|Any CPU = Release|Any CPU
	EndGlobalSection
	GlobalSection(ProjectConfigurationPlatforms) = postSolution
		{8DEF29A2-57D7-450B-B7E6-E07BD545F134}.Debug|Any CPU.ActiveCfg = Debug|Any CPU
		{8DEF29A2-57D7-450B-B7E6-E07BD545F134}.Debug|Any CPU.Build.0 = Debug|Any CPU
		{8DEF29A2-57D7-450B-B7E6-E07BD545F134}.Release|Any CPU.ActiveCfg = Release|Any CPU
		{8DEF29A2-57D7-450B-B7E6-E07BD545F134}.Release|Any CPU.Build.0 = Release|Any CPU
	EndGlobalSection
	GlobalSection(SolutionProperties) = preSolution
		HideSolutionNode = FALSE
	EndGlobalSection
	GlobalSection(ExtensibilityGlobals) = postSolution
		SolutionGuid = {9B0D99B4-0F71-4F98-89AF-DCFC4E6AB46A}
	EndGlobalSection
EndGlobal
