
Microsoft Visual Studio Solution File, Format Version 12.00
# Visual Studio Version 17
VisualStudioVersion = 17.2.32616.157
MinimumVisualStudioVersion = 10.0.40219.1
Project("{FAE04EC0-301F-11D3-BF4B-00C04F79EFBC}") = "WinFormsApp1", "WinFormsApp1.csproj", "{FA44AAAB-723B-4B99-A128-A91B3CBA77E8}"
EndProject
Global
	GlobalSection(SolutionConfigurationPlatforms) = preSolution
		Debug|Any CPU = Debug|Any CPU
		Release|Any CPU = Release|Any CPU
	EndGlobalSection
	GlobalSection(ProjectConfigurationPlatforms) = postSolution
		{FA44AAAB-723B-4B99-A128-A91B3CBA77E8}.Debug|Any CPU.ActiveCfg = Debug|Any CPU
		{FA44AAAB-723B-4B99-A128-A91B3CBA77E8}.Debug|Any CPU.Build.0 = Debug|Any CPU
		{FA44AAAB-723B-4B99-A128-A91B3CBA77E8}.Release|Any CPU.ActiveCfg = Release|Any CPU
		{FA44AAAB-723B-4B99-A128-A91B3CBA77E8}.Release|Any CPU.Build.0 = Release|Any CPU
	EndGlobalSection
	GlobalSection(SolutionProperties) = preSolution
		HideSolutionNode = FALSE
	EndGlobalSection
	GlobalSection(ExtensibilityGlobals) = postSolution
		SolutionGuid = {46826806-E386-4906-8975-536BD1A74010}
	EndGlobalSection
EndGlobal
