
Microsoft Visual Studio Solution File, Format Version 12.00
# Visual Studio Version 17
VisualStudioVersion = 17.2.32616.157
MinimumVisualStudioVersion = 10.0.40219.1
Project("{FAE04EC0-301F-11D3-BF4B-00C04F79EFBC}") = "INT klavyeden veri girişi", "INT klavyeden veri girişi.csproj", "{8B3FA6DB-CA85-4A36-B3DD-9C130B44479A}"
EndProject
Global
	GlobalSection(SolutionConfigurationPlatforms) = preSolution
		Debug|Any CPU = Debug|Any CPU
		Release|Any CPU = Release|Any CPU
	EndGlobalSection
	GlobalSection(ProjectConfigurationPlatforms) = postSolution
		{8B3FA6DB-CA85-4A36-B3DD-9C130B44479A}.Debug|Any CPU.ActiveCfg = Debug|Any CPU
		{8B3FA6DB-CA85-4A36-B3DD-9C130B44479A}.Debug|Any CPU.Build.0 = Debug|Any CPU
		{8B3FA6DB-CA85-4A36-B3DD-9C130B44479A}.Release|Any CPU.ActiveCfg = Release|Any CPU
		{8B3FA6DB-CA85-4A36-B3DD-9C130B44479A}.Release|Any CPU.Build.0 = Release|Any CPU
	EndGlobalSection
	GlobalSection(SolutionProperties) = preSolution
		HideSolutionNode = FALSE
	EndGlobalSection
	GlobalSection(ExtensibilityGlobals) = postSolution
		SolutionGuid = {0F402BA0-9593-49F7-940D-095567FACBD0}
	EndGlobalSection
EndGlobal
