
Microsoft Visual Studio Solution File, Format Version 12.00
# Visual Studio Version 17
VisualStudioVersion = 17.2.32616.157
MinimumVisualStudioVersion = 10.0.40219.1
Project("{FAE04EC0-301F-11D3-BF4B-00C04F79EFBC}") = "integer", "integer.csproj", "{A977A281-F93E-41CC-89CC-9F8185D0CB56}"
EndProject
Global
	GlobalSection(SolutionConfigurationPlatforms) = preSolution
		Debug|Any CPU = Debug|Any CPU
		Release|Any CPU = Release|Any CPU
	EndGlobalSection
	GlobalSection(ProjectConfigurationPlatforms) = postSolution
		{A977A281-F93E-41CC-89CC-9F8185D0CB56}.Debug|Any CPU.ActiveCfg = Debug|Any CPU
		{A977A281-F93E-41CC-89CC-9F8185D0CB56}.Debug|Any CPU.Build.0 = Debug|Any CPU
		{A977A281-F93E-41CC-89CC-9F8185D0CB56}.Release|Any CPU.ActiveCfg = Release|Any CPU
		{A977A281-F93E-41CC-89CC-9F8185D0CB56}.Release|Any CPU.Build.0 = Release|Any CPU
	EndGlobalSection
	GlobalSection(SolutionProperties) = preSolution
		HideSolutionNode = FALSE
	EndGlobalSection
	GlobalSection(ExtensibilityGlobals) = postSolution
		SolutionGuid = {C5196346-2D48-454D-ACBC-0E45CF147593}
	EndGlobalSection
EndGlobal
