
Microsoft Visual Studio Solution File, Format Version 12.00
# Visual Studio Version 17
VisualStudioVersion = 17.2.32616.157
MinimumVisualStudioVersion = 10.0.40219.1
Project("{FAE04EC0-301F-11D3-BF4B-00C04F79EFBC}") = "alkollu-arac-kullanimlari", "alkollu-arac-kullanimlari.csproj", "{176E41D2-17F5-443E-9FD3-54559114310F}"
EndProject
Global
	GlobalSection(SolutionConfigurationPlatforms) = preSolution
		Debug|Any CPU = Debug|Any CPU
		Release|Any CPU = Release|Any CPU
	EndGlobalSection
	GlobalSection(ProjectConfigurationPlatforms) = postSolution
		{176E41D2-17F5-443E-9FD3-54559114310F}.Debug|Any CPU.ActiveCfg = Debug|Any CPU
		{176E41D2-17F5-443E-9FD3-54559114310F}.Debug|Any CPU.Build.0 = Debug|Any CPU
		{176E41D2-17F5-443E-9FD3-54559114310F}.Release|Any CPU.ActiveCfg = Release|Any CPU
		{176E41D2-17F5-443E-9FD3-54559114310F}.Release|Any CPU.Build.0 = Release|Any CPU
	EndGlobalSection
	GlobalSection(SolutionProperties) = preSolution
		HideSolutionNode = FALSE
	EndGlobalSection
	GlobalSection(ExtensibilityGlobals) = postSolution
		SolutionGuid = {7FF864A1-8143-4AD7-88AB-4404F668DD7A}
	EndGlobalSection
EndGlobal
