
Microsoft Visual Studio Solution File, Format Version 12.00
# Visual Studio Version 17
VisualStudioVersion = 17.2.32616.157
MinimumVisualStudioVersion = 10.0.40219.1
Project("{FAE04EC0-301F-11D3-BF4B-00C04F79EFBC}") = "kullanıcı giriş paneli", "kullanıcı giriş paneli.csproj", "{C3048058-5500-4B4D-AFF9-77A3620E67D1}"
EndProject
Global
	GlobalSection(SolutionConfigurationPlatforms) = preSolution
		Debug|Any CPU = Debug|Any CPU
		Release|Any CPU = Release|Any CPU
	EndGlobalSection
	GlobalSection(ProjectConfigurationPlatforms) = postSolution
		{C3048058-5500-4B4D-AFF9-77A3620E67D1}.Debug|Any CPU.ActiveCfg = Debug|Any CPU
		{C3048058-5500-4B4D-AFF9-77A3620E67D1}.Debug|Any CPU.Build.0 = Debug|Any CPU
		{C3048058-5500-4B4D-AFF9-77A3620E67D1}.Release|Any CPU.ActiveCfg = Release|Any CPU
		{C3048058-5500-4B4D-AFF9-77A3620E67D1}.Release|Any CPU.Build.0 = Release|Any CPU
	EndGlobalSection
	GlobalSection(SolutionProperties) = preSolution
		HideSolutionNode = FALSE
	EndGlobalSection
	GlobalSection(ExtensibilityGlobals) = postSolution
		SolutionGuid = {2E05EDB6-2F18-4AB4-979D-05056620E255}
	EndGlobalSection
EndGlobal
