
Microsoft Visual Studio Solution File, Format Version 12.00
# Visual Studio Version 17
VisualStudioVersion = 17.2.32616.157
MinimumVisualStudioVersion = 10.0.40219.1
Project("{FAE04EC0-301F-11D3-BF4B-00C04F79EFBC}") = "götcan", "götcan.csproj", "{9D89523A-C52F-4AE3-BEE1-265CD9EC39E3}"
EndProject
Global
	GlobalSection(SolutionConfigurationPlatforms) = preSolution
		Debug|Any CPU = Debug|Any CPU
		Release|Any CPU = Release|Any CPU
	EndGlobalSection
	GlobalSection(ProjectConfigurationPlatforms) = postSolution
		{9D89523A-C52F-4AE3-BEE1-265CD9EC39E3}.Debug|Any CPU.ActiveCfg = Debug|Any CPU
		{9D89523A-C52F-4AE3-BEE1-265CD9EC39E3}.Debug|Any CPU.Build.0 = Debug|Any CPU
		{9D89523A-C52F-4AE3-BEE1-265CD9EC39E3}.Release|Any CPU.ActiveCfg = Release|Any CPU
		{9D89523A-C52F-4AE3-BEE1-265CD9EC39E3}.Release|Any CPU.Build.0 = Release|Any CPU
	EndGlobalSection
	GlobalSection(SolutionProperties) = preSolution
		HideSolutionNode = FALSE
	EndGlobalSection
	GlobalSection(ExtensibilityGlobals) = postSolution
		SolutionGuid = {679CBA22-02FB-4810-8DC4-83731E05D210}
	EndGlobalSection
EndGlobal
