
Microsoft Visual Studio Solution File, Format Version 12.00
# Visual Studio Version 17
VisualStudioVersion = 17.2.32630.192
MinimumVisualStudioVersion = 10.0.40219.1
Project("{FAE04EC0-301F-11D3-BF4B-00C04F79EFBC}") = "guesswhat", "guesswhat\guesswhat.csproj", "{C2D54F9A-1E96-446D-9040-E8F12DA51B29}"
EndProject
Global
	GlobalSection(SolutionConfigurationPlatforms) = preSolution
		Debug|Any CPU = Debug|Any CPU
		Release|Any CPU = Release|Any CPU
	EndGlobalSection
	GlobalSection(ProjectConfigurationPlatforms) = postSolution
		{C2D54F9A-1E96-446D-9040-E8F12DA51B29}.Debug|Any CPU.ActiveCfg = Debug|Any CPU
		{C2D54F9A-1E96-446D-9040-E8F12DA51B29}.Debug|Any CPU.Build.0 = Debug|Any CPU
		{C2D54F9A-1E96-446D-9040-E8F12DA51B29}.Release|Any CPU.ActiveCfg = Release|Any CPU
		{C2D54F9A-1E96-446D-9040-E8F12DA51B29}.Release|Any CPU.Build.0 = Release|Any CPU
	EndGlobalSection
	GlobalSection(SolutionProperties) = preSolution
		HideSolutionNode = FALSE
	EndGlobalSection
	GlobalSection(ExtensibilityGlobals) = postSolution
		SolutionGuid = {7D0F5318-83FA-438A-856D-CA239B1208AD}
	EndGlobalSection
EndGlobal
