
Microsoft Visual Studio Solution File, Format Version 12.00
# Visual Studio Version 17
VisualStudioVersion = 17.3.32819.101
MinimumVisualStudioVersion = 10.0.40219.1
Project("{FAE04EC0-301F-11D3-BF4B-00C04F79EFBC}") = "Entity(DbFirst)", "Entity(DbFirst)\Entity(DbFirst).csproj", "{EB0DD573-5E8B-4057-B174-E533A025CABD}"
EndProject
Global
	GlobalSection(SolutionConfigurationPlatforms) = preSolution
		Debug|Any CPU = Debug|Any CPU
		Release|Any CPU = Release|Any CPU
	EndGlobalSection
	GlobalSection(ProjectConfigurationPlatforms) = postSolution
		{EB0DD573-5E8B-4057-B174-E533A025CABD}.Debug|Any CPU.ActiveCfg = Debug|Any CPU
		{EB0DD573-5E8B-4057-B174-E533A025CABD}.Debug|Any CPU.Build.0 = Debug|Any CPU
		{EB0DD573-5E8B-4057-B174-E533A025CABD}.Release|Any CPU.ActiveCfg = Release|Any CPU
		{EB0DD573-5E8B-4057-B174-E533A025CABD}.Release|Any CPU.Build.0 = Release|Any CPU
	EndGlobalSection
	GlobalSection(SolutionProperties) = preSolution
		HideSolutionNode = FALSE
	EndGlobalSection
	GlobalSection(ExtensibilityGlobals) = postSolution
		SolutionGuid = {F8DD4222-0AF6-4AF9-832C-5737950E572B}
	EndGlobalSection
EndGlobal
