
Microsoft Visual Studio Solution File, Format Version 12.00
# Visual Studio Version 17
VisualStudioVersion = 17.2.32616.157
MinimumVisualStudioVersion = 10.0.40219.1
Project("{FAE04EC0-301F-11D3-BF4B-00C04F79EFBC}") = "sınav", "sınav.csproj", "{D3EBE26B-B260-4BBB-9E99-6BDEAF58C4B8}"
EndProject
Global
	GlobalSection(SolutionConfigurationPlatforms) = preSolution
		Debug|Any CPU = Debug|Any CPU
		Release|Any CPU = Release|Any CPU
	EndGlobalSection
	GlobalSection(ProjectConfigurationPlatforms) = postSolution
		{D3EBE26B-B260-4BBB-9E99-6BDEAF58C4B8}.Debug|Any CPU.ActiveCfg = Debug|Any CPU
		{D3EBE26B-B260-4BBB-9E99-6BDEAF58C4B8}.Debug|Any CPU.Build.0 = Debug|Any CPU
		{D3EBE26B-B260-4BBB-9E99-6BDEAF58C4B8}.Release|Any CPU.ActiveCfg = Release|Any CPU
		{D3EBE26B-B260-4BBB-9E99-6BDEAF58C4B8}.Release|Any CPU.Build.0 = Release|Any CPU
	EndGlobalSection
	GlobalSection(SolutionProperties) = preSolution
		HideSolutionNode = FALSE
	EndGlobalSection
	GlobalSection(ExtensibilityGlobals) = postSolution
		SolutionGuid = {7D8BDED6-588F-48BD-8BCE-7AC476017DFF}
	EndGlobalSection
EndGlobal
